
Microsoft Visual Studio Solution File, Format Version 12.00
# Visual Studio Version 17
VisualStudioVersion = 17.9.34607.119
MinimumVisualStudioVersion = 10.0.40219.1
Project("{FAE04EC0-301F-11D3-BF4B-00C04F79EFBC}") = "security_workshop", "security_workshop\security_workshop.csproj", "{029F4F07-3F9B-4E22-8ACD-93690EFA9AEA}"
EndProject
Global
	GlobalSection(SolutionConfigurationPlatforms) = preSolution
		Debug|Any CPU = Debug|Any CPU
		Release|Any CPU = Release|Any CPU
	EndGlobalSection
	GlobalSection(ProjectConfigurationPlatforms) = postSolution
		{029F4F07-3F9B-4E22-8ACD-93690EFA9AEA}.Debug|Any CPU.ActiveCfg = Debug|Any CPU
		{029F4F07-3F9B-4E22-8ACD-93690EFA9AEA}.Debug|Any CPU.Build.0 = Debug|Any CPU
		{029F4F07-3F9B-4E22-8ACD-93690EFA9AEA}.Release|Any CPU.ActiveCfg = Release|Any CPU
		{029F4F07-3F9B-4E22-8ACD-93690EFA9AEA}.Release|Any CPU.Build.0 = Release|Any CPU
	EndGlobalSection
	GlobalSection(SolutionProperties) = preSolution
		HideSolutionNode = FALSE
	EndGlobalSection
	GlobalSection(ExtensibilityGlobals) = postSolution
		SolutionGuid = {DC208C75-F6DF-4441-9F29-27EF9D7C8BF9}
	EndGlobalSection
EndGlobal
